// !$*UTF8*$!
{
	archiveVersion = 1;
	classes = {
	};
	objectVersion = 56;
	objects = {

/* Begin PBXBuildFile section */
		DA0C231B2D1F6269009D0E4E /* PuttPilotApp.swift in Sources */ = {isa = PBXBuildFile; fileRef = DA0C231A2D1F6269009D0E4E /* PuttPilotApp.swift */; };
		DA0C231D2D1F6269009D0E4E /* ContentView.swift in Sources */ = {isa = PBXBuildFile; fileRef = DA0C231C2D1F6269009D0E4E /* ContentView.swift */; };
		DA0C231F2D1F6269009D0E4E /* Item.swift in Sources */ = {isa = PBXBuildFile; fileRef = DA0C231E2D1F6269009D0E4E /* Item.swift */; };
		DA0C23212D1F626A009D0E4E /* Assets.xcassets in Resources */ = {isa = PBXBuildFile; fileRef = DA0C23202D1F626A009D0E4E /* Assets.xcassets */; };
		DA0C23242D1F626A009D0E4E /* Preview Assets.xcassets in Resources */ = {isa = PBXBuildFile; fileRef = DA0C23232D1F626A009D0E4E /* Preview Assets.xcassets */; };
		DA0C232E2D1F626A009D0E4E /* PuttPilotTests.swift in Sources */ = {isa = PBXBuildFile; fileRef = DA0C232D2D1F626A009D0E4E /* PuttPilotTests.swift */; };
		DA0C23382D1F626A009D0E4E /* PuttPilotUITests.swift in Sources */ = {isa = PBXBuildFile; fileRef = DA0C23372D1F626A009D0E4E /* PuttPilotUITests.swift */; };
		DA0C233A2D1F626A009D0E4E /* PuttPilotUITestsLaunchTests.swift in Sources */ = {isa = PBXBuildFile; fileRef = DA0C23392D1F626A009D0E4E /* PuttPilotUITestsLaunchTests.swift */; };
		DA0C23472D1F6710009D0E4E /* APIManager.swift in Sources */ = {isa = PBXBuildFile; fileRef = DA0C23462D1F6710009D0E4E /* APIManager.swift */; };
		DA0C234A2D26683F009D0E4E /* LaunchScreen.storyboard in Resources */ = {isa = PBXBuildFile; fileRef = DA0C23492D26683F009D0E4E /* LaunchScreen.storyboard */; };
		DA0C23552D266CF6009D0E4E /* SplashScreenView.swift in Sources */ = {isa = PBXBuildFile; fileRef = DA0C23542D266CF5009D0E4E /* SplashScreenView.swift */; };
		DA0C23592D26709C009D0E4E /* DeveloperTestingView.swift in Sources */ = {isa = PBXBuildFile; fileRef = DA0C23582D26709C009D0E4E /* DeveloperTestingView.swift */; };
		DA0C235B2D267221009D0E4E /* DeveloperTestingViewModel.swift in Sources */ = {isa = PBXBuildFile; fileRef = DA0C235A2D267221009D0E4E /* DeveloperTestingViewModel.swift */; };
		DA258F792D2DBBAC00529154 /* DebugMessageView.swift in Sources */ = {isa = PBXBuildFile; fileRef = DA258F782D2DBBAC00529154 /* DebugMessageView.swift */; };
		DA258F7B2D3C399C00529154 /* Constants.swift in Sources */ = {isa = PBXBuildFile; fileRef = DA258F7A2D3C399C00529154 /* Constants.swift */; };
		DA258F7F2D3C3CC600529154 /* HomeView.swift in Sources */ = {isa = PBXBuildFile; fileRef = DA258F7E2D3C3CC600529154 /* HomeView.swift */; };
		DA258F812D3C3D2600529154 /* Styles.swift in Sources */ = {isa = PBXBuildFile; fileRef = DA258F802D3C3D2600529154 /* Styles.swift */; };
		DA258F852D3C3F6300529154 /* PracticePageView.swift in Sources */ = {isa = PBXBuildFile; fileRef = DA258F842D3C3F6300529154 /* PracticePageView.swift */; };
		DA258F872D3C3F6F00529154 /* PracticePageViewModel.swift in Sources */ = {isa = PBXBuildFile; fileRef = DA258F862D3C3F6F00529154 /* PracticePageViewModel.swift */; };
		DA258F892D3C3FF300529154 /* StartGameView.swift in Sources */ = {isa = PBXBuildFile; fileRef = DA258F882D3C3FF300529154 /* StartGameView.swift */; };
		DA258F8E2D3C4E6B00529154 /* CourseModificationItem.swift in Sources */ = {isa = PBXBuildFile; fileRef = DA258F8D2D3C4E6B00529154 /* CourseModificationItem.swift */; };
		DA258F912D40637C00529154 /* Colours.swift in Sources */ = {isa = PBXBuildFile; fileRef = DA258F902D40637C00529154 /* Colours.swift */; };
		DA7A52EB2D669F0400737BD2 /* SceneKitView.swift in Sources */ = {isa = PBXBuildFile; fileRef = DA7A52EA2D669F0400737BD2 /* SceneKitView.swift */; };
/* End PBXBuildFile section */

/* Begin PBXContainerItemProxy section */
		DA0C232A2D1F626A009D0E4E /* PBXContainerItemProxy */ = {
			isa = PBXContainerItemProxy;
			containerPortal = DA0C230F2D1F6269009D0E4E /* Project object */;
			proxyType = 1;
			remoteGlobalIDString = DA0C23162D1F6269009D0E4E;
			remoteInfo = PuttPilot;
		};
		DA0C23342D1F626A009D0E4E /* PBXContainerItemProxy */ = {
			isa = PBXContainerItemProxy;
			containerPortal = DA0C230F2D1F6269009D0E4E /* Project object */;
			proxyType = 1;
			remoteGlobalIDString = DA0C23162D1F6269009D0E4E;
			remoteInfo = PuttPilot;
		};
/* End PBXContainerItemProxy section */

/* Begin PBXFileReference section */
		DA0C23172D1F6269009D0E4E /* PuttPilot.app */ = {isa = PBXFileReference; explicitFileType = wrapper.application; includeInIndex = 0; path = PuttPilot.app; sourceTree = BUILT_PRODUCTS_DIR; };
		DA0C231A2D1F6269009D0E4E /* PuttPilotApp.swift */ = {isa = PBXFileReference; lastKnownFileType = sourcecode.swift; path = PuttPilotApp.swift; sourceTree = "<group>"; };
		DA0C231C2D1F6269009D0E4E /* ContentView.swift */ = {isa = PBXFileReference; lastKnownFileType = sourcecode.swift; path = ContentView.swift; sourceTree = "<group>"; };
		DA0C231E2D1F6269009D0E4E /* Item.swift */ = {isa = PBXFileReference; lastKnownFileType = sourcecode.swift; path = Item.swift; sourceTree = "<group>"; };
		DA0C23202D1F626A009D0E4E /* Assets.xcassets */ = {isa = PBXFileReference; lastKnownFileType = folder.assetcatalog; path = Assets.xcassets; sourceTree = "<group>"; };
		DA0C23232D1F626A009D0E4E /* Preview Assets.xcassets */ = {isa = PBXFileReference; lastKnownFileType = folder.assetcatalog; path = "Preview Assets.xcassets"; sourceTree = "<group>"; };
		DA0C23292D1F626A009D0E4E /* PuttPilotTests.xctest */ = {isa = PBXFileReference; explicitFileType = wrapper.cfbundle; includeInIndex = 0; path = PuttPilotTests.xctest; sourceTree = BUILT_PRODUCTS_DIR; };
		DA0C232D2D1F626A009D0E4E /* PuttPilotTests.swift */ = {isa = PBXFileReference; lastKnownFileType = sourcecode.swift; path = PuttPilotTests.swift; sourceTree = "<group>"; };
		DA0C23332D1F626A009D0E4E /* PuttPilotUITests.xctest */ = {isa = PBXFileReference; explicitFileType = wrapper.cfbundle; includeInIndex = 0; path = PuttPilotUITests.xctest; sourceTree = BUILT_PRODUCTS_DIR; };
		DA0C23372D1F626A009D0E4E /* PuttPilotUITests.swift */ = {isa = PBXFileReference; lastKnownFileType = sourcecode.swift; path = PuttPilotUITests.swift; sourceTree = "<group>"; };
		DA0C23392D1F626A009D0E4E /* PuttPilotUITestsLaunchTests.swift */ = {isa = PBXFileReference; lastKnownFileType = sourcecode.swift; path = PuttPilotUITestsLaunchTests.swift; sourceTree = "<group>"; };
		DA0C23462D1F6710009D0E4E /* APIManager.swift */ = {isa = PBXFileReference; lastKnownFileType = sourcecode.swift; path = APIManager.swift; sourceTree = "<group>"; };
		DA0C23482D2667BD009D0E4E /* Info.plist */ = {isa = PBXFileReference; lastKnownFileType = text.plist; path = Info.plist; sourceTree = "<group>"; };
		DA0C23492D26683F009D0E4E /* LaunchScreen.storyboard */ = {isa = PBXFileReference; lastKnownFileType = file.storyboard; path = LaunchScreen.storyboard; sourceTree = "<group>"; };
		DA0C23542D266CF5009D0E4E /* SplashScreenView.swift */ = {isa = PBXFileReference; lastKnownFileType = sourcecode.swift; path = SplashScreenView.swift; sourceTree = "<group>"; };
		DA0C23582D26709C009D0E4E /* DeveloperTestingView.swift */ = {isa = PBXFileReference; lastKnownFileType = sourcecode.swift; path = DeveloperTestingView.swift; sourceTree = "<group>"; };
		DA0C235A2D267221009D0E4E /* DeveloperTestingViewModel.swift */ = {isa = PBXFileReference; lastKnownFileType = sourcecode.swift; path = DeveloperTestingViewModel.swift; sourceTree = "<group>"; };
		DA258F782D2DBBAC00529154 /* DebugMessageView.swift */ = {isa = PBXFileReference; lastKnownFileType = sourcecode.swift; path = DebugMessageView.swift; sourceTree = "<group>"; };
		DA258F7A2D3C399C00529154 /* Constants.swift */ = {isa = PBXFileReference; lastKnownFileType = sourcecode.swift; path = Constants.swift; sourceTree = "<group>"; };
		DA258F7E2D3C3CC600529154 /* HomeView.swift */ = {isa = PBXFileReference; lastKnownFileType = sourcecode.swift; path = HomeView.swift; sourceTree = "<group>"; };
		DA258F802D3C3D2600529154 /* Styles.swift */ = {isa = PBXFileReference; lastKnownFileType = sourcecode.swift; path = Styles.swift; sourceTree = "<group>"; };
		DA258F842D3C3F6300529154 /* PracticePageView.swift */ = {isa = PBXFileReference; lastKnownFileType = sourcecode.swift; path = PracticePageView.swift; sourceTree = "<group>"; };
		DA258F862D3C3F6F00529154 /* PracticePageViewModel.swift */ = {isa = PBXFileReference; lastKnownFileType = sourcecode.swift; path = PracticePageViewModel.swift; sourceTree = "<group>"; };
		DA258F882D3C3FF300529154 /* StartGameView.swift */ = {isa = PBXFileReference; lastKnownFileType = sourcecode.swift; path = StartGameView.swift; sourceTree = "<group>"; };
		DA258F8D2D3C4E6B00529154 /* CourseModificationItem.swift */ = {isa = PBXFileReference; lastKnownFileType = sourcecode.swift; path = CourseModificationItem.swift; sourceTree = "<group>"; };
		DA258F902D40637C00529154 /* Colours.swift */ = {isa = PBXFileReference; lastKnownFileType = sourcecode.swift; path = Colours.swift; sourceTree = "<group>"; };
		DA7A52EA2D669F0400737BD2 /* SceneKitView.swift */ = {isa = PBXFileReference; lastKnownFileType = sourcecode.swift; path = SceneKitView.swift; sourceTree = "<group>"; };
/* End PBXFileReference section */

/* Begin PBXFrameworksBuildPhase section */
		DA0C23142D1F6269009D0E4E /* Frameworks */ = {
			isa = PBXFrameworksBuildPhase;
			buildActionMask = 2147483647;
			files = (
			);
			runOnlyForDeploymentPostprocessing = 0;
		};
		DA0C23262D1F626A009D0E4E /* Frameworks */ = {
			isa = PBXFrameworksBuildPhase;
			buildActionMask = 2147483647;
			files = (
			);
			runOnlyForDeploymentPostprocessing = 0;
		};
		DA0C23302D1F626A009D0E4E /* Frameworks */ = {
			isa = PBXFrameworksBuildPhase;
			buildActionMask = 2147483647;
			files = (
			);
			runOnlyForDeploymentPostprocessing = 0;
		};
/* End PBXFrameworksBuildPhase section */

/* Begin PBXGroup section */
		DA0C230E2D1F6269009D0E4E = {
			isa = PBXGroup;
			children = (
				DA0C23192D1F6269009D0E4E /* PuttPilot */,
				DA0C232C2D1F626A009D0E4E /* PuttPilotTests */,
				DA0C23362D1F626A009D0E4E /* PuttPilotUITests */,
				DA0C23182D1F6269009D0E4E /* Products */,
			);
			sourceTree = "<group>";
		};
		DA0C23182D1F6269009D0E4E /* Products */ = {
			isa = PBXGroup;
			children = (
				DA0C23172D1F6269009D0E4E /* PuttPilot.app */,
				DA0C23292D1F626A009D0E4E /* PuttPilotTests.xctest */,
				DA0C23332D1F626A009D0E4E /* PuttPilotUITests.xctest */,
			);
			name = Products;
			sourceTree = "<group>";
		};
		DA0C23192D1F6269009D0E4E /* PuttPilot */ = {
			isa = PBXGroup;
			children = (
				DA258F8F2D40637000529154 /* Styles */,
				DA258F832D3C3DB900529154 /* Games */,
				DA258F822D3C3DAE00529154 /* Practice */,
				DA258F7D2D3C3C9B00529154 /* Home */,
				DA0C23572D267064009D0E4E /* DeveloperTesting */,
				DA0C23532D266CE6009D0E4E /* App */,
				DA0C23482D2667BD009D0E4E /* Info.plist */,
				DA0C231C2D1F6269009D0E4E /* ContentView.swift */,
				DA0C231E2D1F6269009D0E4E /* Item.swift */,
				DA0C23202D1F626A009D0E4E /* Assets.xcassets */,
				DA0C23222D1F626A009D0E4E /* Preview Content */,
			);
			path = PuttPilot;
			sourceTree = "<group>";
		};
		DA0C23222D1F626A009D0E4E /* Preview Content */ = {
			isa = PBXGroup;
			children = (
				DA0C23232D1F626A009D0E4E /* Preview Assets.xcassets */,
			);
			path = "Preview Content";
			sourceTree = "<group>";
		};
		DA0C232C2D1F626A009D0E4E /* PuttPilotTests */ = {
			isa = PBXGroup;
			children = (
				DA0C232D2D1F626A009D0E4E /* PuttPilotTests.swift */,
			);
			path = PuttPilotTests;
			sourceTree = "<group>";
		};
		DA0C23362D1F626A009D0E4E /* PuttPilotUITests */ = {
			isa = PBXGroup;
			children = (
				DA0C23372D1F626A009D0E4E /* PuttPilotUITests.swift */,
				DA0C23392D1F626A009D0E4E /* PuttPilotUITestsLaunchTests.swift */,
			);
			path = PuttPilotUITests;
			sourceTree = "<group>";
		};
		DA0C23532D266CE6009D0E4E /* App */ = {
			isa = PBXGroup;
			children = (
				DA0C231A2D1F6269009D0E4E /* PuttPilotApp.swift */,
				DA0C23492D26683F009D0E4E /* LaunchScreen.storyboard */,
				DA0C23542D266CF5009D0E4E /* SplashScreenView.swift */,
				DA0C23462D1F6710009D0E4E /* APIManager.swift */,
				DA258F7A2D3C399C00529154 /* Constants.swift */,
			);
			path = App;
			sourceTree = "<group>";
		};
		DA0C23572D267064009D0E4E /* DeveloperTesting */ = {
			isa = PBXGroup;
			children = (
				DA0C23582D26709C009D0E4E /* DeveloperTestingView.swift */,
				DA0C235A2D267221009D0E4E /* DeveloperTestingViewModel.swift */,
				DA258F782D2DBBAC00529154 /* DebugMessageView.swift */,
			);
			path = DeveloperTesting;
			sourceTree = "<group>";
		};
		DA258F7D2D3C3C9B00529154 /* Home */ = {
			isa = PBXGroup;
			children = (
				DA258F7E2D3C3CC600529154 /* HomeView.swift */,
			);
			path = Home;
			sourceTree = "<group>";
		};
		DA258F822D3C3DAE00529154 /* Practice */ = {
			isa = PBXGroup;
			children = (
				DA258F8C2D3C4E5400529154 /* Views */,
				DA258F862D3C3F6F00529154 /* PracticePageViewModel.swift */,
			);
			path = Practice;
			sourceTree = "<group>";
		};
		DA258F832D3C3DB900529154 /* Games */ = {
			isa = PBXGroup;
			children = (
				DA258F8B2D3C400800529154 /* ViewModels */,
				DA258F8A2D3C3FFE00529154 /* Views */,
			);
			path = Games;
			sourceTree = "<group>";
		};
		DA258F8A2D3C3FFE00529154 /* Views */ = {
			isa = PBXGroup;
			children = (
				DA258F882D3C3FF300529154 /* StartGameView.swift */,
			);
			path = Views;
			sourceTree = "<group>";
		};
		DA258F8B2D3C400800529154 /* ViewModels */ = {
			isa = PBXGroup;
			children = (
			);
			path = ViewModels;
			sourceTree = "<group>";
		};
		DA258F8C2D3C4E5400529154 /* Views */ = {
			isa = PBXGroup;
			children = (
				DA258F842D3C3F6300529154 /* PracticePageView.swift */,
				DA258F8D2D3C4E6B00529154 /* CourseModificationItem.swift */,
				DA7A52EA2D669F0400737BD2 /* SceneKitView.swift */,
			);
			path = Views;
			sourceTree = "<group>";
		};
		DA258F8F2D40637000529154 /* Styles */ = {
			isa = PBXGroup;
			children = (
				DA258F802D3C3D2600529154 /* Styles.swift */,
				DA258F902D40637C00529154 /* Colours.swift */,
			);
			path = Styles;
			sourceTree = "<group>";
		};
/* End PBXGroup section */

/* Begin PBXNativeTarget section */
		DA0C23162D1F6269009D0E4E /* PuttPilot */ = {
			isa = PBXNativeTarget;
			buildConfigurationList = DA0C233D2D1F626A009D0E4E /* Build configuration list for PBXNativeTarget "PuttPilot" */;
			buildPhases = (
				DA0C23132D1F6269009D0E4E /* Sources */,
				DA0C23142D1F6269009D0E4E /* Frameworks */,
				DA0C23152D1F6269009D0E4E /* Resources */,
			);
			buildRules = (
			);
			dependencies = (
			);
			name = PuttPilot;
			productName = PuttPilot;
			productReference = DA0C23172D1F6269009D0E4E /* PuttPilot.app */;
			productType = "com.apple.product-type.application";
		};
		DA0C23282D1F626A009D0E4E /* PuttPilotTests */ = {
			isa = PBXNativeTarget;
			buildConfigurationList = DA0C23402D1F626A009D0E4E /* Build configuration list for PBXNativeTarget "PuttPilotTests" */;
			buildPhases = (
				DA0C23252D1F626A009D0E4E /* Sources */,
				DA0C23262D1F626A009D0E4E /* Frameworks */,
				DA0C23272D1F626A009D0E4E /* Resources */,
			);
			buildRules = (
			);
			dependencies = (
				DA0C232B2D1F626A009D0E4E /* PBXTargetDependency */,
			);
			name = PuttPilotTests;
			productName = PuttPilotTests;
			productReference = DA0C23292D1F626A009D0E4E /* PuttPilotTests.xctest */;
			productType = "com.apple.product-type.bundle.unit-test";
		};
		DA0C23322D1F626A009D0E4E /* PuttPilotUITests */ = {
			isa = PBXNativeTarget;
			buildConfigurationList = DA0C23432D1F626A009D0E4E /* Build configuration list for PBXNativeTarget "PuttPilotUITests" */;
			buildPhases = (
				DA0C232F2D1F626A009D0E4E /* Sources */,
				DA0C23302D1F626A009D0E4E /* Frameworks */,
				DA0C23312D1F626A009D0E4E /* Resources */,
			);
			buildRules = (
			);
			dependencies = (
				DA0C23352D1F626A009D0E4E /* PBXTargetDependency */,
			);
			name = PuttPilotUITests;
			productName = PuttPilotUITests;
			productReference = DA0C23332D1F626A009D0E4E /* PuttPilotUITests.xctest */;
			productType = "com.apple.product-type.bundle.ui-testing";
		};
/* End PBXNativeTarget section */

/* Begin PBXProject section */
		DA0C230F2D1F6269009D0E4E /* Project object */ = {
			isa = PBXProject;
			attributes = {
				BuildIndependentTargetsInParallel = 1;
				LastSwiftUpdateCheck = 1540;
				LastUpgradeCheck = 1540;
				TargetAttributes = {
					DA0C23162D1F6269009D0E4E = {
						CreatedOnToolsVersion = 15.4;
					};
					DA0C23282D1F626A009D0E4E = {
						CreatedOnToolsVersion = 15.4;
						TestTargetID = DA0C23162D1F6269009D0E4E;
					};
					DA0C23322D1F626A009D0E4E = {
						CreatedOnToolsVersion = 15.4;
						TestTargetID = DA0C23162D1F6269009D0E4E;
					};
				};
			};
			buildConfigurationList = DA0C23122D1F6269009D0E4E /* Build configuration list for PBXProject "PuttPilot" */;
			compatibilityVersion = "Xcode 14.0";
			developmentRegion = en;
			hasScannedForEncodings = 0;
			knownRegions = (
				en,
				Base,
			);
			mainGroup = DA0C230E2D1F6269009D0E4E;
			productRefGroup = DA0C23182D1F6269009D0E4E /* Products */;
			projectDirPath = "";
			projectRoot = "";
			targets = (
				DA0C23162D1F6269009D0E4E /* PuttPilot */,
				DA0C23282D1F626A009D0E4E /* PuttPilotTests */,
				DA0C23322D1F626A009D0E4E /* PuttPilotUITests */,
			);
		};
/* End PBXProject section */

/* Begin PBXResourcesBuildPhase section */
		DA0C23152D1F6269009D0E4E /* Resources */ = {
			isa = PBXResourcesBuildPhase;
			buildActionMask = 2147483647;
			files = (
				DA0C234A2D26683F009D0E4E /* LaunchScreen.storyboard in Resources */,
				DA0C23242D1F626A009D0E4E /* Preview Assets.xcassets in Resources */,
				DA0C23212D1F626A009D0E4E /* Assets.xcassets in Resources */,
			);
			runOnlyForDeploymentPostprocessing = 0;
		};
		DA0C23272D1F626A009D0E4E /* Resources */ = {
			isa = PBXResourcesBuildPhase;
			buildActionMask = 2147483647;
			files = (
			);
			runOnlyForDeploymentPostprocessing = 0;
		};
		DA0C23312D1F626A009D0E4E /* Resources */ = {
			isa = PBXResourcesBuildPhase;
			buildActionMask = 2147483647;
			files = (
			);
			runOnlyForDeploymentPostprocessing = 0;
		};
/* End PBXResourcesBuildPhase section */

/* Begin PBXSourcesBuildPhase section */
		DA0C23132D1F6269009D0E4E /* Sources */ = {
			isa = PBXSourcesBuildPhase;
			buildActionMask = 2147483647;
			files = (
				DA258F812D3C3D2600529154 /* Styles.swift in Sources */,
				DA258F792D2DBBAC00529154 /* DebugMessageView.swift in Sources */,
				DA0C235B2D267221009D0E4E /* DeveloperTestingViewModel.swift in Sources */,
				DA258F892D3C3FF300529154 /* StartGameView.swift in Sources */,
				DA0C23472D1F6710009D0E4E /* APIManager.swift in Sources */,
				DA258F852D3C3F6300529154 /* PracticePageView.swift in Sources */,
				DA258F7F2D3C3CC600529154 /* HomeView.swift in Sources */,
				DA0C231D2D1F6269009D0E4E /* ContentView.swift in Sources */,
				DA258F872D3C3F6F00529154 /* PracticePageViewModel.swift in Sources */,
				DA7A52EB2D669F0400737BD2 /* SceneKitView.swift in Sources */,
				DA0C23592D26709C009D0E4E /* DeveloperTestingView.swift in Sources */,
				DA0C23552D266CF6009D0E4E /* SplashScreenView.swift in Sources */,
				DA0C231F2D1F6269009D0E4E /* Item.swift in Sources */,
				DA258F8E2D3C4E6B00529154 /* CourseModificationItem.swift in Sources */,
				DA0C231B2D1F6269009D0E4E /* PuttPilotApp.swift in Sources */,
				DA258F7B2D3C399C00529154 /* Constants.swift in Sources */,
				DA258F912D40637C00529154 /* Colours.swift in Sources */,
			);
			runOnlyForDeploymentPostprocessing = 0;
		};
		DA0C23252D1F626A009D0E4E /* Sources */ = {
			isa = PBXSourcesBuildPhase;
			buildActionMask = 2147483647;
			files = (
				DA0C232E2D1F626A009D0E4E /* PuttPilotTests.swift in Sources */,
			);
			runOnlyForDeploymentPostprocessing = 0;
		};
		DA0C232F2D1F626A009D0E4E /* Sources */ = {
			isa = PBXSourcesBuildPhase;
			buildActionMask = 2147483647;
			files = (
				DA0C233A2D1F626A009D0E4E /* PuttPilotUITestsLaunchTests.swift in Sources */,
				DA0C23382D1F626A009D0E4E /* PuttPilotUITests.swift in Sources */,
			);
			runOnlyForDeploymentPostprocessing = 0;
		};
/* End PBXSourcesBuildPhase section */

/* Begin PBXTargetDependency section */
		DA0C232B2D1F626A009D0E4E /* PBXTargetDependency */ = {
			isa = PBXTargetDependency;
			target = DA0C23162D1F6269009D0E4E /* PuttPilot */;
			targetProxy = DA0C232A2D1F626A009D0E4E /* PBXContainerItemProxy */;
		};
		DA0C23352D1F626A009D0E4E /* PBXTargetDependency */ = {
			isa = PBXTargetDependency;
			target = DA0C23162D1F6269009D0E4E /* PuttPilot */;
			targetProxy = DA0C23342D1F626A009D0E4E /* PBXContainerItemProxy */;
		};
/* End PBXTargetDependency section */

/* Begin XCBuildConfiguration section */
		DA0C233B2D1F626A009D0E4E /* Debug */ = {
			isa = XCBuildConfiguration;
			buildSettings = {
				ALWAYS_SEARCH_USER_PATHS = NO;
				ASSETCATALOG_COMPILER_GENERATE_SWIFT_ASSET_SYMBOL_EXTENSIONS = YES;
				CLANG_ANALYZER_NONNULL = YES;
				CLANG_ANALYZER_NUMBER_OBJECT_CONVERSION = YES_AGGRESSIVE;
				CLANG_CXX_LANGUAGE_STANDARD = "gnu++20";
				CLANG_ENABLE_MODULES = YES;
				CLANG_ENABLE_OBJC_ARC = YES;
				CLANG_ENABLE_OBJC_WEAK = YES;
				CLANG_WARN_BLOCK_CAPTURE_AUTORELEASING = YES;
				CLANG_WARN_BOOL_CONVERSION = YES;
				CLANG_WARN_COMMA = YES;
				CLANG_WARN_CONSTANT_CONVERSION = YES;
				CLANG_WARN_DEPRECATED_OBJC_IMPLEMENTATIONS = YES;
				CLANG_WARN_DIRECT_OBJC_ISA_USAGE = YES_ERROR;
				CLANG_WARN_DOCUMENTATION_COMMENTS = YES;
				CLANG_WARN_EMPTY_BODY = YES;
				CLANG_WARN_ENUM_CONVERSION = YES;
				CLANG_WARN_INFINITE_RECURSION = YES;
				CLANG_WARN_INT_CONVERSION = YES;
				CLANG_WARN_NON_LITERAL_NULL_CONVERSION = YES;
				CLANG_WARN_OBJC_IMPLICIT_RETAIN_SELF = YES;
				CLANG_WARN_OBJC_LITERAL_CONVERSION = YES;
				CLANG_WARN_OBJC_ROOT_CLASS = YES_ERROR;
				CLANG_WARN_QUOTED_INCLUDE_IN_FRAMEWORK_HEADER = YES;
				CLANG_WARN_RANGE_LOOP_ANALYSIS = YES;
				CLANG_WARN_STRICT_PROTOTYPES = YES;
				CLANG_WARN_SUSPICIOUS_MOVE = YES;
				CLANG_WARN_UNGUARDED_AVAILABILITY = YES_AGGRESSIVE;
				CLANG_WARN_UNREACHABLE_CODE = YES;
				CLANG_WARN__DUPLICATE_METHOD_MATCH = YES;
				COPY_PHASE_STRIP = NO;
				DEBUG_INFORMATION_FORMAT = dwarf;
				ENABLE_STRICT_OBJC_MSGSEND = YES;
				ENABLE_TESTABILITY = YES;
				ENABLE_USER_SCRIPT_SANDBOXING = YES;
				GCC_C_LANGUAGE_STANDARD = gnu17;
				GCC_DYNAMIC_NO_PIC = NO;
				GCC_NO_COMMON_BLOCKS = YES;
				GCC_OPTIMIZATION_LEVEL = 0;
				GCC_PREPROCESSOR_DEFINITIONS = (
					"DEBUG=1",
					"$(inherited)",
				);
				GCC_WARN_64_TO_32_BIT_CONVERSION = YES;
				GCC_WARN_ABOUT_RETURN_TYPE = YES_ERROR;
				GCC_WARN_UNDECLARED_SELECTOR = YES;
				GCC_WARN_UNINITIALIZED_AUTOS = YES_AGGRESSIVE;
				GCC_WARN_UNUSED_FUNCTION = YES;
				GCC_WARN_UNUSED_VARIABLE = YES;
				IPHONEOS_DEPLOYMENT_TARGET = 17.5;
				LOCALIZATION_PREFERS_STRING_CATALOGS = YES;
				MTL_ENABLE_DEBUG_INFO = INCLUDE_SOURCE;
				MTL_FAST_MATH = YES;
				ONLY_ACTIVE_ARCH = YES;
				SDKROOT = iphoneos;
				SWIFT_ACTIVE_COMPILATION_CONDITIONS = "DEBUG $(inherited)";
				SWIFT_OPTIMIZATION_LEVEL = "-Onone";
			};
			name = Debug;
		};
		DA0C233C2D1F626A009D0E4E /* Release */ = {
			isa = XCBuildConfiguration;
			buildSettings = {
				ALWAYS_SEARCH_USER_PATHS = NO;
				ASSETCATALOG_COMPILER_GENERATE_SWIFT_ASSET_SYMBOL_EXTENSIONS = YES;
				CLANG_ANALYZER_NONNULL = YES;
				CLANG_ANALYZER_NUMBER_OBJECT_CONVERSION = YES_AGGRESSIVE;
				CLANG_CXX_LANGUAGE_STANDARD = "gnu++20";
				CLANG_ENABLE_MODULES = YES;
				CLANG_ENABLE_OBJC_ARC = YES;
				CLANG_ENABLE_OBJC_WEAK = YES;
				CLANG_WARN_BLOCK_CAPTURE_AUTORELEASING = YES;
				CLANG_WARN_BOOL_CONVERSION = YES;
				CLANG_WARN_COMMA = YES;
				CLANG_WARN_CONSTANT_CONVERSION = YES;
				CLANG_WARN_DEPRECATED_OBJC_IMPLEMENTATIONS = YES;
				CLANG_WARN_DIRECT_OBJC_ISA_USAGE = YES_ERROR;
				CLANG_WARN_DOCUMENTATION_COMMENTS = YES;
				CLANG_WARN_EMPTY_BODY = YES;
				CLANG_WARN_ENUM_CONVERSION = YES;
				CLANG_WARN_INFINITE_RECURSION = YES;
				CLANG_WARN_INT_CONVERSION = YES;
				CLANG_WARN_NON_LITERAL_NULL_CONVERSION = YES;
				CLANG_WARN_OBJC_IMPLICIT_RETAIN_SELF = YES;
				CLANG_WARN_OBJC_LITERAL_CONVERSION = YES;
				CLANG_WARN_OBJC_ROOT_CLASS = YES_ERROR;
				CLANG_WARN_QUOTED_INCLUDE_IN_FRAMEWORK_HEADER = YES;
				CLANG_WARN_RANGE_LOOP_ANALYSIS = YES;
				CLANG_WARN_STRICT_PROTOTYPES = YES;
				CLANG_WARN_SUSPICIOUS_MOVE = YES;
				CLANG_WARN_UNGUARDED_AVAILABILITY = YES_AGGRESSIVE;
				CLANG_WARN_UNREACHABLE_CODE = YES;
				CLANG_WARN__DUPLICATE_METHOD_MATCH = YES;
				COPY_PHASE_STRIP = NO;
				DEBUG_INFORMATION_FORMAT = "dwarf-with-dsym";
				ENABLE_NS_ASSERTIONS = NO;
				ENABLE_STRICT_OBJC_MSGSEND = YES;
				ENABLE_USER_SCRIPT_SANDBOXING = YES;
				GCC_C_LANGUAGE_STANDARD = gnu17;
				GCC_NO_COMMON_BLOCKS = YES;
				GCC_WARN_64_TO_32_BIT_CONVERSION = YES;
				GCC_WARN_ABOUT_RETURN_TYPE = YES_ERROR;
				GCC_WARN_UNDECLARED_SELECTOR = YES;
				GCC_WARN_UNINITIALIZED_AUTOS = YES_AGGRESSIVE;
				GCC_WARN_UNUSED_FUNCTION = YES;
				GCC_WARN_UNUSED_VARIABLE = YES;
				IPHONEOS_DEPLOYMENT_TARGET = 17.5;
				LOCALIZATION_PREFERS_STRING_CATALOGS = YES;
				MTL_ENABLE_DEBUG_INFO = NO;
				MTL_FAST_MATH = YES;
				SDKROOT = iphoneos;
				SWIFT_COMPILATION_MODE = wholemodule;
				VALIDATE_PRODUCT = YES;
			};
			name = Release;
		};
		DA0C233E2D1F626A009D0E4E /* Debug */ = {
			isa = XCBuildConfiguration;
			buildSettings = {
				ASSETCATALOG_COMPILER_APPICON_NAME = AppIcon;
				ASSETCATALOG_COMPILER_GLOBAL_ACCENT_COLOR_NAME = AccentColor;
				CODE_SIGN_STYLE = Automatic;
				CURRENT_PROJECT_VERSION = 1;
				DEVELOPMENT_ASSET_PATHS = "\"PuttPilot/Preview Content\"";
				DEVELOPMENT_TEAM = 465U8X64NX;
				ENABLE_PREVIEWS = YES;
				GENERATE_INFOPLIST_FILE = YES;
				INFOPLIST_FILE = PuttPilot/Info.plist;
				INFOPLIST_KEY_UIApplicationSceneManifest_Generation = YES;
				INFOPLIST_KEY_UIApplicationSupportsIndirectInputEvents = YES;
				INFOPLIST_KEY_UILaunchStoryboardName = LaunchScreen.storyboard;
				INFOPLIST_KEY_UISupportedInterfaceOrientations_iPad = "UIInterfaceOrientationPortrait UIInterfaceOrientationPortraitUpsideDown UIInterfaceOrientationLandscapeLeft UIInterfaceOrientationLandscapeRight";
				INFOPLIST_KEY_UISupportedInterfaceOrientations_iPhone = "UIInterfaceOrientationPortrait UIInterfaceOrientationLandscapeLeft UIInterfaceOrientationLandscapeRight";
				LD_RUNPATH_SEARCH_PATHS = (
					"$(inherited)",
					"@executable_path/Frameworks",
				);
				MARKETING_VERSION = 1.0;
				PRODUCT_BUNDLE_IDENTIFIER = com.rianarang.PuttPilot;
				PRODUCT_NAME = "$(TARGET_NAME)";
				SWIFT_EMIT_LOC_STRINGS = YES;
				SWIFT_VERSION = 5.0;
				TARGETED_DEVICE_FAMILY = "1,2";
			};
			name = Debug;
		};
		DA0C233F2D1F626A009D0E4E /* Release */ = {
			isa = XCBuildConfiguration;
			buildSettings = {
				ASSETCATALOG_COMPILER_APPICON_NAME = AppIcon;
				ASSETCATALOG_COMPILER_GLOBAL_ACCENT_COLOR_NAME = AccentColor;
				CODE_SIGN_STYLE = Automatic;
				CURRENT_PROJECT_VERSION = 1;
				DEVELOPMENT_ASSET_PATHS = "\"PuttPilot/Preview Content\"";
				DEVELOPMENT_TEAM = 465U8X64NX;
				ENABLE_PREVIEWS = YES;
				GENERATE_INFOPLIST_FILE = YES;
				INFOPLIST_FILE = PuttPilot/Info.plist;
				INFOPLIST_KEY_UIApplicationSceneManifest_Generation = YES;
				INFOPLIST_KEY_UIApplicationSupportsIndirectInputEvents = YES;
				INFOPLIST_KEY_UILaunchStoryboardName = LaunchScreen.storyboard;
				INFOPLIST_KEY_UISupportedInterfaceOrientations_iPad = "UIInterfaceOrientationPortrait UIInterfaceOrientationPortraitUpsideDown UIInterfaceOrientationLandscapeLeft UIInterfaceOrientationLandscapeRight";
				INFOPLIST_KEY_UISupportedInterfaceOrientations_iPhone = "UIInterfaceOrientationPortrait UIInterfaceOrientationLandscapeLeft UIInterfaceOrientationLandscapeRight";
				LD_RUNPATH_SEARCH_PATHS = (
					"$(inherited)",
					"@executable_path/Frameworks",
				);
				MARKETING_VERSION = 1.0;
				PRODUCT_BUNDLE_IDENTIFIER = com.rianarang.PuttPilot;
				PRODUCT_NAME = "$(TARGET_NAME)";
				SWIFT_EMIT_LOC_STRINGS = YES;
				SWIFT_VERSION = 5.0;
				TARGETED_DEVICE_FAMILY = "1,2";
			};
			name = Release;
		};
		DA0C23412D1F626A009D0E4E /* Debug */ = {
			isa = XCBuildConfiguration;
			buildSettings = {
				ALWAYS_EMBED_SWIFT_STANDARD_LIBRARIES = YES;
				BUNDLE_LOADER = "$(TEST_HOST)";
				CODE_SIGN_STYLE = Automatic;
				CURRENT_PROJECT_VERSION = 1;
				GENERATE_INFOPLIST_FILE = YES;
				IPHONEOS_DEPLOYMENT_TARGET = 17.5;
				MARKETING_VERSION = 1.0;
				PRODUCT_BUNDLE_IDENTIFIER = com.rianarang.PuttPilotTests;
				PRODUCT_NAME = "$(TARGET_NAME)";
				SWIFT_EMIT_LOC_STRINGS = NO;
				SWIFT_VERSION = 5.0;
				TARGETED_DEVICE_FAMILY = "1,2";
				TEST_HOST = "$(BUILT_PRODUCTS_DIR)/PuttPilot.app/$(BUNDLE_EXECUTABLE_FOLDER_PATH)/PuttPilot";
			};
			name = Debug;
		};
		DA0C23422D1F626A009D0E4E /* Release */ = {
			isa = XCBuildConfiguration;
			buildSettings = {
				ALWAYS_EMBED_SWIFT_STANDARD_LIBRARIES = YES;
				BUNDLE_LOADER = "$(TEST_HOST)";
				CODE_SIGN_STYLE = Automatic;
				CURRENT_PROJECT_VERSION = 1;
				GENERATE_INFOPLIST_FILE = YES;
				IPHONEOS_DEPLOYMENT_TARGET = 17.5;
				MARKETING_VERSION = 1.0;
				PRODUCT_BUNDLE_IDENTIFIER = com.rianarang.PuttPilotTests;
				PRODUCT_NAME = "$(TARGET_NAME)";
				SWIFT_EMIT_LOC_STRINGS = NO;
				SWIFT_VERSION = 5.0;
				TARGETED_DEVICE_FAMILY = "1,2";
				TEST_HOST = "$(BUILT_PRODUCTS_DIR)/PuttPilot.app/$(BUNDLE_EXECUTABLE_FOLDER_PATH)/PuttPilot";
			};
			name = Release;
		};
		DA0C23442D1F626A009D0E4E /* Debug */ = {
			isa = XCBuildConfiguration;
			buildSettings = {
				ALWAYS_EMBED_SWIFT_STANDARD_LIBRARIES = YES;
				CODE_SIGN_STYLE = Automatic;
				CURRENT_PROJECT_VERSION = 1;
				GENERATE_INFOPLIST_FILE = YES;
				MARKETING_VERSION = 1.0;
				PRODUCT_BUNDLE_IDENTIFIER = com.rianarang.PuttPilotUITests;
				PRODUCT_NAME = "$(TARGET_NAME)";
				SWIFT_EMIT_LOC_STRINGS = NO;
				SWIFT_VERSION = 5.0;
				TARGETED_DEVICE_FAMILY = "1,2";
				TEST_TARGET_NAME = PuttPilot;
			};
			name = Debug;
		};
		DA0C23452D1F626A009D0E4E /* Release */ = {
			isa = XCBuildConfiguration;
			buildSettings = {
				ALWAYS_EMBED_SWIFT_STANDARD_LIBRARIES = YES;
				CODE_SIGN_STYLE = Automatic;
				CURRENT_PROJECT_VERSION = 1;
				GENERATE_INFOPLIST_FILE = YES;
				MARKETING_VERSION = 1.0;
				PRODUCT_BUNDLE_IDENTIFIER = com.rianarang.PuttPilotUITests;
				PRODUCT_NAME = "$(TARGET_NAME)";
				SWIFT_EMIT_LOC_STRINGS = NO;
				SWIFT_VERSION = 5.0;
				TARGETED_DEVICE_FAMILY = "1,2";
				TEST_TARGET_NAME = PuttPilot;
			};
			name = Release;
		};
/* End XCBuildConfiguration section */

/* Begin XCConfigurationList section */
		DA0C23122D1F6269009D0E4E /* Build configuration list for PBXProject "PuttPilot" */ = {
			isa = XCConfigurationList;
			buildConfigurations = (
				DA0C233B2D1F626A009D0E4E /* Debug */,
				DA0C233C2D1F626A009D0E4E /* Release */,
			);
			defaultConfigurationIsVisible = 0;
			defaultConfigurationName = Release;
		};
		DA0C233D2D1F626A009D0E4E /* Build configuration list for PBXNativeTarget "PuttPilot" */ = {
			isa = XCConfigurationList;
			buildConfigurations = (
				DA0C233E2D1F626A009D0E4E /* Debug */,
				DA0C233F2D1F626A009D0E4E /* Release */,
			);
			defaultConfigurationIsVisible = 0;
			defaultConfigurationName = Release;
		};
		DA0C23402D1F626A009D0E4E /* Build configuration list for PBXNativeTarget "PuttPilotTests" */ = {
			isa = XCConfigurationList;
			buildConfigurations = (
				DA0C23412D1F626A009D0E4E /* Debug */,
				DA0C23422D1F626A009D0E4E /* Release */,
			);
			defaultConfigurationIsVisible = 0;
			defaultConfigurationName = Release;
		};
		DA0C23432D1F626A009D0E4E /* Build configuration list for PBXNativeTarget "PuttPilotUITests" */ = {
			isa = XCConfigurationList;
			buildConfigurations = (
				DA0C23442D1F626A009D0E4E /* Debug */,
				DA0C23452D1F626A009D0E4E /* Release */,
			);
			defaultConfigurationIsVisible = 0;
			defaultConfigurationName = Release;
		};
/* End XCConfigurationList section */
	};
	rootObject = DA0C230F2D1F6269009D0E4E /* Project object */;
}
